
Microsoft Visual Studio Solution File, Format Version 12.00
# Visual Studio Version 17
VisualStudioVersion = 17.8.34330.188
MinimumVisualStudioVersion = 10.0.40219.1
Project("{FAE04EC0-301F-11D3-BF4B-00C04F79EFBC}") = "GreetingConsoleApp", "GreetingConsoleApp\GreetingConsoleApp.csproj", "{C421678F-C3B6-47F8-B2F0-AD06C50E61D6}"
EndProject
Global
	GlobalSection(SolutionConfigurationPlatforms) = preSolution
		Debug|Any CPU = Debug|Any CPU
		Release|Any CPU = Release|Any CPU
	EndGlobalSection
	GlobalSection(ProjectConfigurationPlatforms) = postSolution
		{C421678F-C3B6-47F8-B2F0-AD06C50E61D6}.Debug|Any CPU.ActiveCfg = Debug|Any CPU
		{C421678F-C3B6-47F8-B2F0-AD06C50E61D6}.Debug|Any CPU.Build.0 = Debug|Any CPU
		{C421678F-C3B6-47F8-B2F0-AD06C50E61D6}.Release|Any CPU.ActiveCfg = Release|Any CPU
		{C421678F-C3B6-47F8-B2F0-AD06C50E61D6}.Release|Any CPU.Build.0 = Release|Any CPU
	EndGlobalSection
	GlobalSection(SolutionProperties) = preSolution
		HideSolutionNode = FALSE
	EndGlobalSection
	GlobalSection(ExtensibilityGlobals) = postSolution
		SolutionGuid = {4E5825D5-5BEB-4AB5-8F5C-A6598D4B92EA}
	EndGlobalSection
EndGlobal
