
Microsoft Visual Studio Solution File, Format Version 12.00
# Visual Studio Version 17
VisualStudioVersion = 17.8.34330.188
MinimumVisualStudioVersion = 10.0.40219.1
Project("{FAE04EC0-301F-11D3-BF4B-00C04F79EFBC}") = "AgeCalculaterIn25", "AgeCalculaterIn25\AgeCalculaterIn25.csproj", "{37BA9840-AF02-4193-B4D0-CDAA74C271E6}"
EndProject
Global
	GlobalSection(SolutionConfigurationPlatforms) = preSolution
		Debug|Any CPU = Debug|Any CPU
		Release|Any CPU = Release|Any CPU
	EndGlobalSection
	GlobalSection(ProjectConfigurationPlatforms) = postSolution
		{37BA9840-AF02-4193-B4D0-CDAA74C271E6}.Debug|Any CPU.ActiveCfg = Debug|Any CPU
		{37BA9840-AF02-4193-B4D0-CDAA74C271E6}.Debug|Any CPU.Build.0 = Debug|Any CPU
		{37BA9840-AF02-4193-B4D0-CDAA74C271E6}.Release|Any CPU.ActiveCfg = Release|Any CPU
		{37BA9840-AF02-4193-B4D0-CDAA74C271E6}.Release|Any CPU.Build.0 = Release|Any CPU
	EndGlobalSection
	GlobalSection(SolutionProperties) = preSolution
		HideSolutionNode = FALSE
	EndGlobalSection
	GlobalSection(ExtensibilityGlobals) = postSolution
		SolutionGuid = {32756A56-E182-4E24-A04D-FC93E6DAD325}
	EndGlobalSection
EndGlobal
